
Microsoft Visual Studio Solution File, Format Version 12.00
# Visual Studio Version 17
VisualStudioVersion = 17.8.34322.80
MinimumVisualStudioVersion = 10.0.40219.1
Project("{8BC9CEB8-8B4A-11D0-8D11-00A0C91BC942}") = "Математические функции", "Математические функции\Математические функции.vcxproj", "{5521F6E2-32FC-41B8-B275-6586DF80C916}"
EndProject
Global
	GlobalSection(SolutionConfigurationPlatforms) = preSolution
		Debug|x64 = Debug|x64
		Debug|x86 = Debug|x86
		Release|x64 = Release|x64
		Release|x86 = Release|x86
	EndGlobalSection
	GlobalSection(ProjectConfigurationPlatforms) = postSolution
		{5521F6E2-32FC-41B8-B275-6586DF80C916}.Debug|x64.ActiveCfg = Debug|x64
		{5521F6E2-32FC-41B8-B275-6586DF80C916}.Debug|x64.Build.0 = Debug|x64
		{5521F6E2-32FC-41B8-B275-6586DF80C916}.Debug|x86.ActiveCfg = Debug|Win32
		{5521F6E2-32FC-41B8-B275-6586DF80C916}.Debug|x86.Build.0 = Debug|Win32
		{5521F6E2-32FC-41B8-B275-6586DF80C916}.Release|x64.ActiveCfg = Release|x64
		{5521F6E2-32FC-41B8-B275-6586DF80C916}.Release|x64.Build.0 = Release|x64
		{5521F6E2-32FC-41B8-B275-6586DF80C916}.Release|x86.ActiveCfg = Release|Win32
		{5521F6E2-32FC-41B8-B275-6586DF80C916}.Release|x86.Build.0 = Release|Win32
	EndGlobalSection
	GlobalSection(SolutionProperties) = preSolution
		HideSolutionNode = FALSE
	EndGlobalSection
	GlobalSection(ExtensibilityGlobals) = postSolution
		SolutionGuid = {96A99A49-C296-4F2D-A849-AA2E4B1DE509}
	EndGlobalSection
EndGlobal
